
Microsoft Visual Studio Solution File, Format Version 12.00
# Visual Studio Version 17
VisualStudioVersion = 17.3.32929.385
MinimumVisualStudioVersion = 10.0.40219.1
Project("{FAE04EC0-301F-11D3-BF4B-00C04F79EFBC}") = "AuvoProject-Core", "AuvoProject-Core\AuvoProject-Core.csproj", "{9993BD10-AC98-42D4-A427-D1D07662A598}"
EndProject
Global
	GlobalSection(SolutionConfigurationPlatforms) = preSolution
		Debug|Any CPU = Debug|Any CPU
		Release|Any CPU = Release|Any CPU
	EndGlobalSection
	GlobalSection(ProjectConfigurationPlatforms) = postSolution
		{9993BD10-AC98-42D4-A427-D1D07662A598}.Debug|Any CPU.ActiveCfg = Debug|Any CPU
		{9993BD10-AC98-42D4-A427-D1D07662A598}.Debug|Any CPU.Build.0 = Debug|Any CPU
		{9993BD10-AC98-42D4-A427-D1D07662A598}.Release|Any CPU.ActiveCfg = Release|Any CPU
		{9993BD10-AC98-42D4-A427-D1D07662A598}.Release|Any CPU.Build.0 = Release|Any CPU
	EndGlobalSection
	GlobalSection(SolutionProperties) = preSolution
		HideSolutionNode = FALSE
	EndGlobalSection
	GlobalSection(ExtensibilityGlobals) = postSolution
		SolutionGuid = {9F1B53A1-723E-4DF9-816F-89BE842D214C}
	EndGlobalSection
EndGlobal
